
Microsoft Visual Studio Solution File, Format Version 12.00
# Visual Studio 15
VisualStudioVersion = 15.0.27428.2011
MinimumVisualStudioVersion = 10.0.40219.1
Project("{FAE04EC0-301F-11D3-BF4B-00C04F79EFBC}") = "ConsoleAppCal", "ConsoleAppCal\ConsoleAppCal.csproj", "{24876E35-88B7-4001-B78C-90B2601B8852}"
EndProject
Project("{FAE04EC0-301F-11D3-BF4B-00C04F79EFBC}") = "ConsoleAppCal.UnitTests", "ConsoleAppCal.UnitTests\ConsoleAppCal.UnitTests.csproj", "{F193446F-DCBC-4D35-96A6-3B5220004841}"
EndProject
Project("{FAE04EC0-301F-11D3-BF4B-00C04F79EFBC}") = "ConsoleAppCalTests", "ConsoleAppCalTests\ConsoleAppCalTests.csproj", "{CD997988-542E-4C3F-B1D7-B2B8C865FEB5}"
EndProject
Global
	GlobalSection(SolutionConfigurationPlatforms) = preSolution
		Debug|Any CPU = Debug|Any CPU
		Debug|ARM = Debug|ARM
		Debug|x64 = Debug|x64
		Debug|x86 = Debug|x86
		Release|Any CPU = Release|Any CPU
		Release|ARM = Release|ARM
		Release|x64 = Release|x64
		Release|x86 = Release|x86
	EndGlobalSection
	GlobalSection(ProjectConfigurationPlatforms) = postSolution
		{24876E35-88B7-4001-B78C-90B2601B8852}.Debug|Any CPU.ActiveCfg = Debug|Any CPU
		{24876E35-88B7-4001-B78C-90B2601B8852}.Debug|Any CPU.Build.0 = Debug|Any CPU
		{24876E35-88B7-4001-B78C-90B2601B8852}.Debug|ARM.ActiveCfg = Debug|Any CPU
		{24876E35-88B7-4001-B78C-90B2601B8852}.Debug|ARM.Build.0 = Debug|Any CPU
		{24876E35-88B7-4001-B78C-90B2601B8852}.Debug|x64.ActiveCfg = Debug|Any CPU
		{24876E35-88B7-4001-B78C-90B2601B8852}.Debug|x64.Build.0 = Debug|Any CPU
		{24876E35-88B7-4001-B78C-90B2601B8852}.Debug|x86.ActiveCfg = Debug|Any CPU
		{24876E35-88B7-4001-B78C-90B2601B8852}.Debug|x86.Build.0 = Debug|Any CPU
		{24876E35-88B7-4001-B78C-90B2601B8852}.Release|Any CPU.ActiveCfg = Release|Any CPU
		{24876E35-88B7-4001-B78C-90B2601B8852}.Release|Any CPU.Build.0 = Release|Any CPU
		{24876E35-88B7-4001-B78C-90B2601B8852}.Release|ARM.ActiveCfg = Release|Any CPU
		{24876E35-88B7-4001-B78C-90B2601B8852}.Release|ARM.Build.0 = Release|Any CPU
		{24876E35-88B7-4001-B78C-90B2601B8852}.Release|x64.ActiveCfg = Release|Any CPU
		{24876E35-88B7-4001-B78C-90B2601B8852}.Release|x64.Build.0 = Release|Any CPU
		{24876E35-88B7-4001-B78C-90B2601B8852}.Release|x86.ActiveCfg = Release|Any CPU
		{24876E35-88B7-4001-B78C-90B2601B8852}.Release|x86.Build.0 = Release|Any CPU
		{F193446F-DCBC-4D35-96A6-3B5220004841}.Debug|Any CPU.ActiveCfg = Debug|x86
		{F193446F-DCBC-4D35-96A6-3B5220004841}.Debug|ARM.ActiveCfg = Debug|ARM
		{F193446F-DCBC-4D35-96A6-3B5220004841}.Debug|ARM.Build.0 = Debug|ARM
		{F193446F-DCBC-4D35-96A6-3B5220004841}.Debug|ARM.Deploy.0 = Debug|ARM
		{F193446F-DCBC-4D35-96A6-3B5220004841}.Debug|x64.ActiveCfg = Debug|x64
		{F193446F-DCBC-4D35-96A6-3B5220004841}.Debug|x64.Build.0 = Debug|x64
		{F193446F-DCBC-4D35-96A6-3B5220004841}.Debug|x64.Deploy.0 = Debug|x64
		{F193446F-DCBC-4D35-96A6-3B5220004841}.Debug|x86.ActiveCfg = Debug|x86
		{F193446F-DCBC-4D35-96A6-3B5220004841}.Debug|x86.Build.0 = Debug|x86
		{F193446F-DCBC-4D35-96A6-3B5220004841}.Debug|x86.Deploy.0 = Debug|x86
		{F193446F-DCBC-4D35-96A6-3B5220004841}.Release|Any CPU.ActiveCfg = Release|x86
		{F193446F-DCBC-4D35-96A6-3B5220004841}.Release|ARM.ActiveCfg = Release|ARM
		{F193446F-DCBC-4D35-96A6-3B5220004841}.Release|ARM.Build.0 = Release|ARM
		{F193446F-DCBC-4D35-96A6-3B5220004841}.Release|ARM.Deploy.0 = Release|ARM
		{F193446F-DCBC-4D35-96A6-3B5220004841}.Release|x64.ActiveCfg = Release|x64
		{F193446F-DCBC-4D35-96A6-3B5220004841}.Release|x64.Build.0 = Release|x64
		{F193446F-DCBC-4D35-96A6-3B5220004841}.Release|x64.Deploy.0 = Release|x64
		{F193446F-DCBC-4D35-96A6-3B5220004841}.Release|x86.ActiveCfg = Release|x86
		{F193446F-DCBC-4D35-96A6-3B5220004841}.Release|x86.Build.0 = Release|x86
		{F193446F-DCBC-4D35-96A6-3B5220004841}.Release|x86.Deploy.0 = Release|x86
		{CD997988-542E-4C3F-B1D7-B2B8C865FEB5}.Debug|Any CPU.ActiveCfg = Debug|Any CPU
		{CD997988-542E-4C3F-B1D7-B2B8C865FEB5}.Debug|Any CPU.Build.0 = Debug|Any CPU
		{CD997988-542E-4C3F-B1D7-B2B8C865FEB5}.Debug|ARM.ActiveCfg = Debug|Any CPU
		{CD997988-542E-4C3F-B1D7-B2B8C865FEB5}.Debug|ARM.Build.0 = Debug|Any CPU
		{CD997988-542E-4C3F-B1D7-B2B8C865FEB5}.Debug|x64.ActiveCfg = Debug|Any CPU
		{CD997988-542E-4C3F-B1D7-B2B8C865FEB5}.Debug|x64.Build.0 = Debug|Any CPU
		{CD997988-542E-4C3F-B1D7-B2B8C865FEB5}.Debug|x86.ActiveCfg = Debug|Any CPU
		{CD997988-542E-4C3F-B1D7-B2B8C865FEB5}.Debug|x86.Build.0 = Debug|Any CPU
		{CD997988-542E-4C3F-B1D7-B2B8C865FEB5}.Release|Any CPU.ActiveCfg = Release|Any CPU
		{CD997988-542E-4C3F-B1D7-B2B8C865FEB5}.Release|Any CPU.Build.0 = Release|Any CPU
		{CD997988-542E-4C3F-B1D7-B2B8C865FEB5}.Release|ARM.ActiveCfg = Release|Any CPU
		{CD997988-542E-4C3F-B1D7-B2B8C865FEB5}.Release|ARM.Build.0 = Release|Any CPU
		{CD997988-542E-4C3F-B1D7-B2B8C865FEB5}.Release|x64.ActiveCfg = Release|Any CPU
		{CD997988-542E-4C3F-B1D7-B2B8C865FEB5}.Release|x64.Build.0 = Release|Any CPU
		{CD997988-542E-4C3F-B1D7-B2B8C865FEB5}.Release|x86.ActiveCfg = Release|Any CPU
		{CD997988-542E-4C3F-B1D7-B2B8C865FEB5}.Release|x86.Build.0 = Release|Any CPU
	EndGlobalSection
	GlobalSection(SolutionProperties) = preSolution
		HideSolutionNode = FALSE
	EndGlobalSection
	GlobalSection(ExtensibilityGlobals) = postSolution
		SolutionGuid = {B2632C03-EC16-4741-B79D-B36EB262C54B}
	EndGlobalSection
EndGlobal
